
Microsoft Visual Studio Solution File, Format Version 12.00
# Visual Studio 15
VisualStudioVersion = 15.0.28010.2026
MinimumVisualStudioVersion = 10.0.40219.1
Project("{FAE04EC0-301F-11D3-BF4B-00C04F79EFBC}") = "EA-Assignment-HodaBaydoun", "EA-Assignment-HodaBaydoun\EA-Assignment-HodaBaydoun.csproj", "{78F0340E-6FAD-4845-BAE8-A4A4688A214A}"
EndProject
Global
	GlobalSection(SolutionConfigurationPlatforms) = preSolution
		Debug|Any CPU = Debug|Any CPU
		Release|Any CPU = Release|Any CPU
	EndGlobalSection
	GlobalSection(ProjectConfigurationPlatforms) = postSolution
		{78F0340E-6FAD-4845-BAE8-A4A4688A214A}.Debug|Any CPU.ActiveCfg = Debug|Any CPU
		{78F0340E-6FAD-4845-BAE8-A4A4688A214A}.Debug|Any CPU.Build.0 = Debug|Any CPU
		{78F0340E-6FAD-4845-BAE8-A4A4688A214A}.Release|Any CPU.ActiveCfg = Release|Any CPU
		{78F0340E-6FAD-4845-BAE8-A4A4688A214A}.Release|Any CPU.Build.0 = Release|Any CPU
	EndGlobalSection
	GlobalSection(SolutionProperties) = preSolution
		HideSolutionNode = FALSE
	EndGlobalSection
	GlobalSection(ExtensibilityGlobals) = postSolution
		SolutionGuid = {8D53DB27-B0F1-46AC-8D3F-FF1B876BFBD3}
	EndGlobalSection
EndGlobal
